{
  "name": "dennegangen",
  "version": "1.0.0",
  "lockfileVersion": 3,
  "requires": true,
  "packages": {
    "": {
      "name": "dennegangen",
      "version": "1.0.0",
      "hasInstallScript": true,
      "license": "ISC",
      "dependencies": {
        "xxx": "^0.0.1"
      },
      "engines": {
        "node": "20.x"
      }
    },
    "node_modules/xxx": {
      "version": "0.0.1",
      "resolved": "https://registry.npmjs.org/xxx/-/xxx-0.0.1.tgz",
      "integrity": "sha512-v4lqN2YhlmyKFmdA6OobGeeyja9A1vAgaCDQvmGmtrlOHXbW9uBuAFI2jGV/6LUg6QncxhZeb3yrfwP25680tQ=="
    }
  }
}
